
Microsoft Visual Studio Solution File, Format Version 12.00
# Visual Studio 14
VisualStudioVersion = 14.0.24720.0
MinimumVisualStudioVersion = 10.0.40219.1
Project("{2150E333-8FDC-42A3-9474-1A3956D46DE8}") = "Solution Items", "Solution Items", "{19D0985D-91D0-4020-AD65-05F832E6FE05}"
	ProjectSection(SolutionItems) = preProject
		.gitignore = .gitignore
		LICENSE = LICENSE
		README.md = README.md
	EndProjectSection
EndProject
Project("{FAE04EC0-301F-11D3-BF4B-00C04F79EFBC}") = "System.InversionOfControl.Abstractions", "System.InversionOfControl.Abstractions\System.InversionOfControl.Abstractions.csproj", "{D8257265-4EF8-4BD3-B754-0032B742A83B}"
EndProject
Project("{FAE04EC0-301F-11D3-BF4B-00C04F79EFBC}") = "System.InversionOfControl.Abstractions.SimpleIoc", "System.InversionOfControl.Abstractions.SimpleIoc\System.InversionOfControl.Abstractions.SimpleIoc.csproj", "{6266EF48-5667-409C-93BF-54E1C6283866}"
EndProject
Project("{2150E333-8FDC-42A3-9474-1A3956D46DE8}") = "NuGet", "NuGet", "{31FFDA25-F47B-4DD3-9CF5-DCD006B45C2E}"
EndProject
Project("{FF286327-C783-4F7A-AB73-9BCBAD0D4460}") = "System.InversionOfControl.Abstractions", "NuGet\System.InversionOfControl.Abstractions\System.InversionOfControl.Abstractions.nuproj", "{366862B9-DA82-45C6-9BC8-D70873731AE4}"
EndProject
Project("{FAE04EC0-301F-11D3-BF4B-00C04F79EFBC}") = "System.InversionOfControl.Abstractions.Ninject", "System.InversionOfControl.Abstractions.Ninject\System.InversionOfControl.Abstractions.Ninject.csproj", "{8F446642-33C8-41C2-9178-164765747408}"
EndProject
Project("{FF286327-C783-4F7A-AB73-9BCBAD0D4460}") = "System.InversionOfControl.Abstractions.Ninject", "NuGet\System.InversionOfControl.Abstractions.Ninject\System.InversionOfControl.Abstractions.Ninject.nuproj", "{BDCCC028-9DCB-4F3F-850E-2AD14004EA5E}"
EndProject
Project("{FF286327-C783-4F7A-AB73-9BCBAD0D4460}") = "System.InversionOfControl.Abstractions.SimpleIoc", "NuGet\System.InversionOfControl.Abstractions.SimpleIoc\System.InversionOfControl.Abstractions.SimpleIoc.nuproj", "{9A6D9219-00D6-4676-8EE3-C2B24F7A5FA2}"
EndProject
Project("{2150E333-8FDC-42A3-9474-1A3956D46DE8}") = "Samples", "Samples", "{A72AF700-0A0F-4CC5-BD78-E913BA2CE9CD}"
EndProject
Project("{FAE04EC0-301F-11D3-BF4B-00C04F79EFBC}") = "IocAbstractions.Samples.Console", "Samples\IocAbstractions.Samples.Console\IocAbstractions.Samples.Console.csproj", "{4AB43F60-F2FD-43E4-B33C-3927D8FFA9F2}"
EndProject
Project("{2150E333-8FDC-42A3-9474-1A3956D46DE8}") = "Documentation", "Documentation", "{2FDD235D-74B3-4F52-BADA-50FBA1B58C40}"
EndProject
Project("{2150E333-8FDC-42A3-9474-1A3956D46DE8}") = "Images", "Images", "{61DF71FF-806B-4CAC-80B0-71DF9388C267}"
	ProjectSection(SolutionItems) = preProject
		Documentation\Images\Banner.png = Documentation\Images\Banner.png
		Documentation\Images\Logo.fw.png = Documentation\Images\Logo.fw.png
		Documentation\Images\Logo.ico = Documentation\Images\Logo.ico
		Documentation\Images\Logo1024x1024.png = Documentation\Images\Logo1024x1024.png
		Documentation\Images\Logo128x128.png = Documentation\Images\Logo128x128.png
		Documentation\Images\Logo256x256.png = Documentation\Images\Logo256x256.png
		Documentation\Images\Logo32x32.png = Documentation\Images\Logo32x32.png
		Documentation\Images\Logo512x512.png = Documentation\Images\Logo512x512.png
		Documentation\Images\Logo64x64.png = Documentation\Images\Logo64x64.png
	EndProjectSection
EndProject
Global
	GlobalSection(SolutionConfigurationPlatforms) = preSolution
		Debug|Any CPU = Debug|Any CPU
		Release|Any CPU = Release|Any CPU
	EndGlobalSection
	GlobalSection(ProjectConfigurationPlatforms) = postSolution
		{D8257265-4EF8-4BD3-B754-0032B742A83B}.Debug|Any CPU.ActiveCfg = Debug|Any CPU
		{D8257265-4EF8-4BD3-B754-0032B742A83B}.Debug|Any CPU.Build.0 = Debug|Any CPU
		{D8257265-4EF8-4BD3-B754-0032B742A83B}.Release|Any CPU.ActiveCfg = Release|Any CPU
		{D8257265-4EF8-4BD3-B754-0032B742A83B}.Release|Any CPU.Build.0 = Release|Any CPU
		{6266EF48-5667-409C-93BF-54E1C6283866}.Debug|Any CPU.ActiveCfg = Debug|Any CPU
		{6266EF48-5667-409C-93BF-54E1C6283866}.Debug|Any CPU.Build.0 = Debug|Any CPU
		{6266EF48-5667-409C-93BF-54E1C6283866}.Release|Any CPU.ActiveCfg = Release|Any CPU
		{6266EF48-5667-409C-93BF-54E1C6283866}.Release|Any CPU.Build.0 = Release|Any CPU
		{366862B9-DA82-45C6-9BC8-D70873731AE4}.Debug|Any CPU.ActiveCfg = Debug|Any CPU
		{366862B9-DA82-45C6-9BC8-D70873731AE4}.Debug|Any CPU.Build.0 = Debug|Any CPU
		{366862B9-DA82-45C6-9BC8-D70873731AE4}.Release|Any CPU.ActiveCfg = Release|Any CPU
		{366862B9-DA82-45C6-9BC8-D70873731AE4}.Release|Any CPU.Build.0 = Release|Any CPU
		{8F446642-33C8-41C2-9178-164765747408}.Debug|Any CPU.ActiveCfg = Debug|Any CPU
		{8F446642-33C8-41C2-9178-164765747408}.Debug|Any CPU.Build.0 = Debug|Any CPU
		{8F446642-33C8-41C2-9178-164765747408}.Release|Any CPU.ActiveCfg = Release|Any CPU
		{8F446642-33C8-41C2-9178-164765747408}.Release|Any CPU.Build.0 = Release|Any CPU
		{BDCCC028-9DCB-4F3F-850E-2AD14004EA5E}.Debug|Any CPU.ActiveCfg = Debug|Any CPU
		{BDCCC028-9DCB-4F3F-850E-2AD14004EA5E}.Debug|Any CPU.Build.0 = Debug|Any CPU
		{BDCCC028-9DCB-4F3F-850E-2AD14004EA5E}.Release|Any CPU.ActiveCfg = Release|Any CPU
		{BDCCC028-9DCB-4F3F-850E-2AD14004EA5E}.Release|Any CPU.Build.0 = Release|Any CPU
		{9A6D9219-00D6-4676-8EE3-C2B24F7A5FA2}.Debug|Any CPU.ActiveCfg = Debug|Any CPU
		{9A6D9219-00D6-4676-8EE3-C2B24F7A5FA2}.Debug|Any CPU.Build.0 = Debug|Any CPU
		{9A6D9219-00D6-4676-8EE3-C2B24F7A5FA2}.Release|Any CPU.ActiveCfg = Release|Any CPU
		{9A6D9219-00D6-4676-8EE3-C2B24F7A5FA2}.Release|Any CPU.Build.0 = Release|Any CPU
		{4AB43F60-F2FD-43E4-B33C-3927D8FFA9F2}.Debug|Any CPU.ActiveCfg = Debug|Any CPU
		{4AB43F60-F2FD-43E4-B33C-3927D8FFA9F2}.Debug|Any CPU.Build.0 = Debug|Any CPU
		{4AB43F60-F2FD-43E4-B33C-3927D8FFA9F2}.Release|Any CPU.ActiveCfg = Release|Any CPU
		{4AB43F60-F2FD-43E4-B33C-3927D8FFA9F2}.Release|Any CPU.Build.0 = Release|Any CPU
	EndGlobalSection
	GlobalSection(SolutionProperties) = preSolution
		HideSolutionNode = FALSE
	EndGlobalSection
	GlobalSection(NestedProjects) = preSolution
		{366862B9-DA82-45C6-9BC8-D70873731AE4} = {31FFDA25-F47B-4DD3-9CF5-DCD006B45C2E}
		{BDCCC028-9DCB-4F3F-850E-2AD14004EA5E} = {31FFDA25-F47B-4DD3-9CF5-DCD006B45C2E}
		{9A6D9219-00D6-4676-8EE3-C2B24F7A5FA2} = {31FFDA25-F47B-4DD3-9CF5-DCD006B45C2E}
		{4AB43F60-F2FD-43E4-B33C-3927D8FFA9F2} = {A72AF700-0A0F-4CC5-BD78-E913BA2CE9CD}
		{2FDD235D-74B3-4F52-BADA-50FBA1B58C40} = {19D0985D-91D0-4020-AD65-05F832E6FE05}
		{61DF71FF-806B-4CAC-80B0-71DF9388C267} = {2FDD235D-74B3-4F52-BADA-50FBA1B58C40}
	EndGlobalSection
EndGlobal
